
Microsoft Visual Studio Solution File, Format Version 12.00
# Visual Studio Version 16
VisualStudioVersion = 16.0.30717.126
MinimumVisualStudioVersion = 10.0.40219.1
Project("{FAE04EC0-301F-11D3-BF4B-00C04F79EFBC}") = "6-3", "6-3\6-3.csproj", "{58323DED-C2C7-4CEB-A963-7906588EB582}"
EndProject
Global
	GlobalSection(SolutionConfigurationPlatforms) = preSolution
		Debug|Any CPU = Debug|Any CPU
		Release|Any CPU = Release|Any CPU
	EndGlobalSection
	GlobalSection(ProjectConfigurationPlatforms) = postSolution
		{58323DED-C2C7-4CEB-A963-7906588EB582}.Debug|Any CPU.ActiveCfg = Debug|Any CPU
		{58323DED-C2C7-4CEB-A963-7906588EB582}.Debug|Any CPU.Build.0 = Debug|Any CPU
		{58323DED-C2C7-4CEB-A963-7906588EB582}.Release|Any CPU.ActiveCfg = Release|Any CPU
		{58323DED-C2C7-4CEB-A963-7906588EB582}.Release|Any CPU.Build.0 = Release|Any CPU
	EndGlobalSection
	GlobalSection(SolutionProperties) = preSolution
		HideSolutionNode = FALSE
	EndGlobalSection
	GlobalSection(ExtensibilityGlobals) = postSolution
		SolutionGuid = {1AF10A73-828F-4AD1-A7B5-09D7F766EE2C}
	EndGlobalSection
EndGlobal
